
Microsoft Visual Studio Solution File, Format Version 12.00
# Visual Studio Version 17
VisualStudioVersion = 17.0.32112.339
MinimumVisualStudioVersion = 10.0.40219.1
Project("{8BC9CEB8-8B4A-11D0-8D11-00A0C91BC942}") = "PM03 GULIN A.V", "..\PM03 GULIN A.V\PM03 GULIN A.V\PM03 GULIN A.V.vcxproj", "{C260A59B-7998-4F3A-AD80-4FF3BF3FA888}"
EndProject
Global
	GlobalSection(SolutionConfigurationPlatforms) = preSolution
		Debug|x64 = Debug|x64
		Debug|x86 = Debug|x86
		Release|x64 = Release|x64
		Release|x86 = Release|x86
	EndGlobalSection
	GlobalSection(ProjectConfigurationPlatforms) = postSolution
		{C260A59B-7998-4F3A-AD80-4FF3BF3FA888}.Debug|x64.ActiveCfg = Debug|x64
		{C260A59B-7998-4F3A-AD80-4FF3BF3FA888}.Debug|x64.Build.0 = Debug|x64
		{C260A59B-7998-4F3A-AD80-4FF3BF3FA888}.Debug|x86.ActiveCfg = Debug|Win32
		{C260A59B-7998-4F3A-AD80-4FF3BF3FA888}.Debug|x86.Build.0 = Debug|Win32
		{C260A59B-7998-4F3A-AD80-4FF3BF3FA888}.Release|x64.ActiveCfg = Release|x64
		{C260A59B-7998-4F3A-AD80-4FF3BF3FA888}.Release|x64.Build.0 = Release|x64
		{C260A59B-7998-4F3A-AD80-4FF3BF3FA888}.Release|x86.ActiveCfg = Release|Win32
		{C260A59B-7998-4F3A-AD80-4FF3BF3FA888}.Release|x86.Build.0 = Release|Win32
	EndGlobalSection
	GlobalSection(SolutionProperties) = preSolution
		HideSolutionNode = FALSE
	EndGlobalSection
	GlobalSection(ExtensibilityGlobals) = postSolution
		SolutionGuid = {02F95658-ECFA-448A-8534-3AAE8716ED24}
	EndGlobalSection
EndGlobal
